// !$*UTF8*$!
{
	archiveVersion = 1;
	classes = {
	};
	objectVersion = 50;
	objects = {

/* Begin PBXBuildFile section */
		3A25CEC620936FDC009C0C15 /* ServiceLocator.swift in Sources */ = {isa = PBXBuildFile; fileRef = 3A25CEC220936FDC009C0C15 /* ServiceLocator.swift */; };
		3A25CEC720936FDC009C0C15 /* Configuration.plist in Resources */ = {isa = PBXBuildFile; fileRef = 3A25CEC320936FDC009C0C15 /* Configuration.plist */; };
		3A25CEC820936FDC009C0C15 /* AppDelegate.swift in Sources */ = {isa = PBXBuildFile; fileRef = 3A25CEC420936FDC009C0C15 /* AppDelegate.swift */; };
		3A25CEC920936FDC009C0C15 /* Configuration.swift in Sources */ = {isa = PBXBuildFile; fileRef = 3A25CEC520936FDC009C0C15 /* Configuration.swift */; };
		3A33708A20938BAA006B6166 /* AppAppearance.swift in Sources */ = {isa = PBXBuildFile; fileRef = 3A33708920938BAA006B6166 /* AppAppearance.swift */; };
		3A33708C209390F4006B6166 /* BookViewModel.swift in Sources */ = {isa = PBXBuildFile; fileRef = 3A33708B209390F4006B6166 /* BookViewModel.swift */; };
		3A33708E209398F4006B6166 /* URL+Rx.swift in Sources */ = {isa = PBXBuildFile; fileRef = 3A33708D209398F4006B6166 /* URL+Rx.swift */; };
		3A33709020939DD9006B6166 /* L10n.swift in Sources */ = {isa = PBXBuildFile; fileRef = 3A33708F20939DD9006B6166 /* L10n.swift */; };
		3A3370922097055F006B6166 /* ListViewModel.swift in Sources */ = {isa = PBXBuildFile; fileRef = 3A3370912097055F006B6166 /* ListViewModel.swift */; };
		3A33709B20970BC1006B6166 /* SearchResultTableViewCell.swift in Sources */ = {isa = PBXBuildFile; fileRef = 3A33709520970BC1006B6166 /* SearchResultTableViewCell.swift */; };
		3A33709C20970BC1006B6166 /* SearchResultsViewController.swift in Sources */ = {isa = PBXBuildFile; fileRef = 3A33709720970BC1006B6166 /* SearchResultsViewController.swift */; };
		3A33709D20970BC1006B6166 /* ListViewController.swift in Sources */ = {isa = PBXBuildFile; fileRef = 3A33709820970BC1006B6166 /* ListViewController.swift */; };
		3A33709E20970BC1006B6166 /* BookViewController.swift in Sources */ = {isa = PBXBuildFile; fileRef = 3A33709920970BC1006B6166 /* BookViewController.swift */; };
		3A3370A020970C1A006B6166 /* BookInListView.swift in Sources */ = {isa = PBXBuildFile; fileRef = 3A33709F20970C1A006B6166 /* BookInListView.swift */; };
		3A3370A220970DBE006B6166 /* BookInListView.xib in Resources */ = {isa = PBXBuildFile; fileRef = 3A3370A120970DBE006B6166 /* BookInListView.xib */; };
		3A3370A6209734D1006B6166 /* BookTableViewCell.swift in Sources */ = {isa = PBXBuildFile; fileRef = 3A3370A5209734D1006B6166 /* BookTableViewCell.swift */; };
		3A3370A8209736BE006B6166 /* R.swift in Sources */ = {isa = PBXBuildFile; fileRef = 3A3370A7209736BE006B6166 /* R.swift */; };
		3A3370AC20973E71006B6166 /* UITableViewCell+Utils.swift in Sources */ = {isa = PBXBuildFile; fileRef = 3A3370AB20973E71006B6166 /* UITableViewCell+Utils.swift */; };
		3A3370AE20973EC1006B6166 /* URLSession+Rx.swift in Sources */ = {isa = PBXBuildFile; fileRef = 3A3370AD20973EC1006B6166 /* URLSession+Rx.swift */; };
		3A3370B020979A73006B6166 /* EmptyStateView.swift in Sources */ = {isa = PBXBuildFile; fileRef = 3A3370AF20979A73006B6166 /* EmptyStateView.swift */; };
		3A3370B220979BDD006B6166 /* UIView+Utils.swift in Sources */ = {isa = PBXBuildFile; fileRef = 3A3370B120979BDD006B6166 /* UIView+Utils.swift */; };
		3A3370B420979D25006B6166 /* EmptyStateView.xib in Resources */ = {isa = PBXBuildFile; fileRef = 3A3370B320979D25006B6166 /* EmptyStateView.xib */; };
		3A3370B620986113006B6166 /* UIViewController+Utils.swift in Sources */ = {isa = PBXBuildFile; fileRef = 3A3370B520986113006B6166 /* UIViewController+Utils.swift */; };
		3A33B3242090AC080059A34E /* SearchService.swift in Sources */ = {isa = PBXBuildFile; fileRef = 3A33B3232090AC080059A34E /* SearchService.swift */; };
		3A33B3262090AC1D0059A34E /* BooksService.swift in Sources */ = {isa = PBXBuildFile; fileRef = 3A33B3252090AC1D0059A34E /* BooksService.swift */; };
		3A33B32C2091D0120059A34E /* Localizable.swift in Sources */ = {isa = PBXBuildFile; fileRef = 3A33B32B2091D0120059A34E /* Localizable.swift */; };
		3A33B32F2091D03F0059A34E /* Localizable.strings in Resources */ = {isa = PBXBuildFile; fileRef = 3A33B3312091D03F0059A34E /* Localizable.strings */; };
		3A69EC38208F854B002D00E8 /* RxSwift.framework in Frameworks */ = {isa = PBXBuildFile; fileRef = 3A69EC35208F854B002D00E8 /* RxSwift.framework */; };
		3A69EC4920907858002D00E8 /* Assets.xcassets in Resources */ = {isa = PBXBuildFile; fileRef = 3A69EC4020907857002D00E8 /* Assets.xcassets */; };
		3A69EC4A20907858002D00E8 /* LaunchScreen.storyboard in Resources */ = {isa = PBXBuildFile; fileRef = 3A69EC4120907857002D00E8 /* LaunchScreen.storyboard */; };
		3A69EC4B20907858002D00E8 /* Main.storyboard in Resources */ = {isa = PBXBuildFile; fileRef = 3A69EC4320907857002D00E8 /* Main.storyboard */; };
		3A69EC4F20907886002D00E8 /* Book.swift in Sources */ = {isa = PBXBuildFile; fileRef = 3A69EC4E20907886002D00E8 /* Book.swift */; };
		3A8400DE209B002400B1FEFA /* RxCocoa.framework in Frameworks */ = {isa = PBXBuildFile; fileRef = 3A69EC37208F854B002D00E8 /* RxCocoa.framework */; };
		3A9F3BF22092659D00E38A59 /* AppFlowController.swift in Sources */ = {isa = PBXBuildFile; fileRef = 3A9F3BF12092659D00E38A59 /* AppFlowController.swift */; };
		3A9F3BFA209363D800E38A59 /* BooksMapper.swift in Sources */ = {isa = PBXBuildFile; fileRef = 3A9F3BF9209363D800E38A59 /* BooksMapper.swift */; };
		3AD2F5162091D5CB00E96A4A /* SearchViewModel.swift in Sources */ = {isa = PBXBuildFile; fileRef = 3AD2F5152091D5CB00E96A4A /* SearchViewModel.swift */; };
/* End PBXBuildFile section */

/* Begin PBXFileReference section */
		3A127EA0208F7B2D00561B57 /* Bookshelf.app */ = {isa = PBXFileReference; explicitFileType = wrapper.application; includeInIndex = 0; path = Bookshelf.app; sourceTree = BUILT_PRODUCTS_DIR; };
		3A127EB1208F7B2F00561B57 /* Info.plist */ = {isa = PBXFileReference; lastKnownFileType = text.plist.xml; path = Info.plist; sourceTree = "<group>"; };
		3A25CEC220936FDC009C0C15 /* ServiceLocator.swift */ = {isa = PBXFileReference; fileEncoding = 4; lastKnownFileType = sourcecode.swift; path = ServiceLocator.swift; sourceTree = "<group>"; };
		3A25CEC320936FDC009C0C15 /* Configuration.plist */ = {isa = PBXFileReference; fileEncoding = 4; lastKnownFileType = text.plist.xml; path = Configuration.plist; sourceTree = "<group>"; };
		3A25CEC420936FDC009C0C15 /* AppDelegate.swift */ = {isa = PBXFileReference; fileEncoding = 4; lastKnownFileType = sourcecode.swift; path = AppDelegate.swift; sourceTree = "<group>"; };
		3A25CEC520936FDC009C0C15 /* Configuration.swift */ = {isa = PBXFileReference; fileEncoding = 4; lastKnownFileType = sourcecode.swift; path = Configuration.swift; sourceTree = "<group>"; };
		3A33708920938BAA006B6166 /* AppAppearance.swift */ = {isa = PBXFileReference; lastKnownFileType = sourcecode.swift; path = AppAppearance.swift; sourceTree = "<group>"; };
		3A33708B209390F4006B6166 /* BookViewModel.swift */ = {isa = PBXFileReference; lastKnownFileType = sourcecode.swift; path = BookViewModel.swift; sourceTree = "<group>"; };
		3A33708D209398F4006B6166 /* URL+Rx.swift */ = {isa = PBXFileReference; lastKnownFileType = sourcecode.swift; path = "URL+Rx.swift"; sourceTree = "<group>"; };
		3A33708F20939DD9006B6166 /* L10n.swift */ = {isa = PBXFileReference; lastKnownFileType = sourcecode.swift; path = L10n.swift; sourceTree = "<group>"; };
		3A3370912097055F006B6166 /* ListViewModel.swift */ = {isa = PBXFileReference; lastKnownFileType = sourcecode.swift; path = ListViewModel.swift; sourceTree = "<group>"; };
		3A33709520970BC1006B6166 /* SearchResultTableViewCell.swift */ = {isa = PBXFileReference; fileEncoding = 4; lastKnownFileType = sourcecode.swift; path = SearchResultTableViewCell.swift; sourceTree = "<group>"; };
		3A33709720970BC1006B6166 /* SearchResultsViewController.swift */ = {isa = PBXFileReference; fileEncoding = 4; lastKnownFileType = sourcecode.swift; path = SearchResultsViewController.swift; sourceTree = "<group>"; };
		3A33709820970BC1006B6166 /* ListViewController.swift */ = {isa = PBXFileReference; fileEncoding = 4; lastKnownFileType = sourcecode.swift; path = ListViewController.swift; sourceTree = "<group>"; };
		3A33709920970BC1006B6166 /* BookViewController.swift */ = {isa = PBXFileReference; fileEncoding = 4; lastKnownFileType = sourcecode.swift; path = BookViewController.swift; sourceTree = "<group>"; };
		3A33709F20970C1A006B6166 /* BookInListView.swift */ = {isa = PBXFileReference; lastKnownFileType = sourcecode.swift; path = BookInListView.swift; sourceTree = "<group>"; };
		3A3370A120970DBE006B6166 /* BookInListView.xib */ = {isa = PBXFileReference; lastKnownFileType = file.xib; path = BookInListView.xib; sourceTree = "<group>"; };
		3A3370A5209734D1006B6166 /* BookTableViewCell.swift */ = {isa = PBXFileReference; lastKnownFileType = sourcecode.swift; path = BookTableViewCell.swift; sourceTree = "<group>"; };
		3A3370A7209736BE006B6166 /* R.swift */ = {isa = PBXFileReference; lastKnownFileType = sourcecode.swift; path = R.swift; sourceTree = "<group>"; };
		3A3370AB20973E71006B6166 /* UITableViewCell+Utils.swift */ = {isa = PBXFileReference; lastKnownFileType = sourcecode.swift; path = "UITableViewCell+Utils.swift"; sourceTree = "<group>"; };
		3A3370AD20973EC1006B6166 /* URLSession+Rx.swift */ = {isa = PBXFileReference; lastKnownFileType = sourcecode.swift; path = "URLSession+Rx.swift"; sourceTree = "<group>"; };
		3A3370AF20979A73006B6166 /* EmptyStateView.swift */ = {isa = PBXFileReference; lastKnownFileType = sourcecode.swift; path = EmptyStateView.swift; sourceTree = "<group>"; };
		3A3370B120979BDD006B6166 /* UIView+Utils.swift */ = {isa = PBXFileReference; lastKnownFileType = sourcecode.swift; path = "UIView+Utils.swift"; sourceTree = "<group>"; };
		3A3370B320979D25006B6166 /* EmptyStateView.xib */ = {isa = PBXFileReference; lastKnownFileType = file.xib; path = EmptyStateView.xib; sourceTree = "<group>"; };
		3A3370B520986113006B6166 /* UIViewController+Utils.swift */ = {isa = PBXFileReference; lastKnownFileType = sourcecode.swift; path = "UIViewController+Utils.swift"; sourceTree = "<group>"; };
		3A33B3232090AC080059A34E /* SearchService.swift */ = {isa = PBXFileReference; fileEncoding = 4; lastKnownFileType = sourcecode.swift; path = SearchService.swift; sourceTree = "<group>"; };
		3A33B3252090AC1D0059A34E /* BooksService.swift */ = {isa = PBXFileReference; lastKnownFileType = sourcecode.swift; path = BooksService.swift; sourceTree = "<group>"; };
		3A33B32B2091D0120059A34E /* Localizable.swift */ = {isa = PBXFileReference; fileEncoding = 4; lastKnownFileType = sourcecode.swift; path = Localizable.swift; sourceTree = "<group>"; };
		3A33B3302091D03F0059A34E /* en */ = {isa = PBXFileReference; lastKnownFileType = text.plist.strings; name = en; path = en.lproj/Localizable.strings; sourceTree = "<group>"; };
		3A33B3322091D05B0059A34E /* es */ = {isa = PBXFileReference; lastKnownFileType = text.plist.strings; name = es; path = es.lproj/Localizable.strings; sourceTree = "<group>"; };
		3A69EC35208F854B002D00E8 /* RxSwift.framework */ = {isa = PBXFileReference; lastKnownFileType = wrapper.framework; name = RxSwift.framework; path = Carthage/Build/iOS/RxSwift.framework; sourceTree = "<group>"; };
		3A69EC37208F854B002D00E8 /* RxCocoa.framework */ = {isa = PBXFileReference; lastKnownFileType = wrapper.framework; name = RxCocoa.framework; path = Carthage/Build/iOS/RxCocoa.framework; sourceTree = "<group>"; };
		3A69EC4020907857002D00E8 /* Assets.xcassets */ = {isa = PBXFileReference; lastKnownFileType = folder.assetcatalog; path = Assets.xcassets; sourceTree = "<group>"; };
		3A69EC4220907857002D00E8 /* Base */ = {isa = PBXFileReference; lastKnownFileType = file.storyboard; name = Base; path = Base.lproj/LaunchScreen.storyboard; sourceTree = "<group>"; };
		3A69EC4420907857002D00E8 /* Base */ = {isa = PBXFileReference; lastKnownFileType = file.storyboard; name = Base; path = Base.lproj/Main.storyboard; sourceTree = "<group>"; };
		3A69EC4E20907886002D00E8 /* Book.swift */ = {isa = PBXFileReference; lastKnownFileType = sourcecode.swift; path = Book.swift; sourceTree = "<group>"; };
		3A8400E3209B07A900B1FEFA /* RxDataSources.framework */ = {isa = PBXFileReference; lastKnownFileType = wrapper.framework; name = RxDataSources.framework; path = Carthage/Build/iOS/RxDataSources.framework; sourceTree = "<group>"; };
		3A8400E6209B10C000B1FEFA /* Differentiator.framework */ = {isa = PBXFileReference; lastKnownFileType = wrapper.framework; name = Differentiator.framework; path = Carthage/Build/iOS/Differentiator.framework; sourceTree = "<group>"; };
		3A9F3BF12092659D00E38A59 /* AppFlowController.swift */ = {isa = PBXFileReference; lastKnownFileType = sourcecode.swift; path = AppFlowController.swift; sourceTree = "<group>"; };
		3A9F3BF9209363D800E38A59 /* BooksMapper.swift */ = {isa = PBXFileReference; lastKnownFileType = sourcecode.swift; path = BooksMapper.swift; sourceTree = "<group>"; };
		3AD2F5152091D5CB00E96A4A /* SearchViewModel.swift */ = {isa = PBXFileReference; lastKnownFileType = sourcecode.swift; path = SearchViewModel.swift; sourceTree = "<group>"; };
/* End PBXFileReference section */

/* Begin PBXFrameworksBuildPhase section */
		3A127E9D208F7B2D00561B57 /* Frameworks */ = {
			isa = PBXFrameworksBuildPhase;
			buildActionMask = 2147483647;
			files = (
				3A8400DE209B002400B1FEFA /* RxCocoa.framework in Frameworks */,
				3A69EC38208F854B002D00E8 /* RxSwift.framework in Frameworks */,
			);
			runOnlyForDeploymentPostprocessing = 0;
		};
/* End PBXFrameworksBuildPhase section */

/* Begin PBXGroup section */
		3A127E97208F7B2D00561B57 = {
			isa = PBXGroup;
			children = (
				3A127EA2208F7B2D00561B57 /* Bookshelf */,
				3A127EA1208F7B2D00561B57 /* Products */,
				3A69EC34208F854B002D00E8 /* Frameworks */,
			);
			sourceTree = "<group>";
		};
		3A127EA1208F7B2D00561B57 /* Products */ = {
			isa = PBXGroup;
			children = (
				3A127EA0208F7B2D00561B57 /* Bookshelf.app */,
			);
			name = Products;
			sourceTree = "<group>";
		};
		3A127EA2208F7B2D00561B57 /* Bookshelf */ = {
			isa = PBXGroup;
			children = (
				3A69EC4520907857002D00E8 /* Sources */,
				3A69EC3F20907857002D00E8 /* Resources */,
				3A127EB1208F7B2F00561B57 /* Info.plist */,
			);
			path = Bookshelf;
			sourceTree = "<group>";
		};
		3A25CEC120936FDC009C0C15 /* App */ = {
			isa = PBXGroup;
			children = (
				3A25CEC320936FDC009C0C15 /* Configuration.plist */,
				3A25CEC520936FDC009C0C15 /* Configuration.swift */,
				3A33708920938BAA006B6166 /* AppAppearance.swift */,
				3A25CEC420936FDC009C0C15 /* AppDelegate.swift */,
				3A33708F20939DD9006B6166 /* L10n.swift */,
				3A3370A7209736BE006B6166 /* R.swift */,
				3A25CEC220936FDC009C0C15 /* ServiceLocator.swift */,
			);
			path = App;
			sourceTree = "<group>";
		};
		3A33709320970BC1006B6166 /* Views */ = {
			isa = PBXGroup;
			children = (
				3A33709F20970C1A006B6166 /* BookInListView.swift */,
				3A3370A120970DBE006B6166 /* BookInListView.xib */,
				3A3370A5209734D1006B6166 /* BookTableViewCell.swift */,
				3A3370AF20979A73006B6166 /* EmptyStateView.swift */,
				3A3370B320979D25006B6166 /* EmptyStateView.xib */,
				3A33709520970BC1006B6166 /* SearchResultTableViewCell.swift */,
			);
			path = Views;
			sourceTree = "<group>";
		};
		3A33709620970BC1006B6166 /* ViewControllers */ = {
			isa = PBXGroup;
			children = (
				3A33709920970BC1006B6166 /* BookViewController.swift */,
				3A33709820970BC1006B6166 /* ListViewController.swift */,
				3A33709720970BC1006B6166 /* SearchResultsViewController.swift */,
			);
			path = ViewControllers;
			sourceTree = "<group>";
		};
		3A33B3272090C8050059A34E /* Presentation */ = {
			isa = PBXGroup;
			children = (
				3A9F3BF12092659D00E38A59 /* AppFlowController.swift */,
				3A33709620970BC1006B6166 /* ViewControllers */,
				3A33709320970BC1006B6166 /* Views */,
			);
			path = Presentation;
			sourceTree = "<group>";
		};
		3A33B32A2091D0120059A34E /* Utils */ = {
			isa = PBXGroup;
			children = (
				3A33B32B2091D0120059A34E /* Localizable.swift */,
				3A3370AB20973E71006B6166 /* UITableViewCell+Utils.swift */,
				3A3370B120979BDD006B6166 /* UIView+Utils.swift */,
				3A3370B520986113006B6166 /* UIViewController+Utils.swift */,
				3A33708D209398F4006B6166 /* URL+Rx.swift */,
				3A3370AD20973EC1006B6166 /* URLSession+Rx.swift */,
			);
			path = Utils;
			sourceTree = "<group>";
		};
		3A69EC34208F854B002D00E8 /* Frameworks */ = {
			isa = PBXGroup;
			children = (
				3A8400E6209B10C000B1FEFA /* Differentiator.framework */,
				3A8400E3209B07A900B1FEFA /* RxDataSources.framework */,
				3A69EC37208F854B002D00E8 /* RxCocoa.framework */,
				3A69EC35208F854B002D00E8 /* RxSwift.framework */,
			);
			name = Frameworks;
			sourceTree = "<group>";
		};
		3A69EC3F20907857002D00E8 /* Resources */ = {
			isa = PBXGroup;
			children = (
				3A69EC4020907857002D00E8 /* Assets.xcassets */,
				3A69EC4120907857002D00E8 /* LaunchScreen.storyboard */,
				3A69EC4320907857002D00E8 /* Main.storyboard */,
				3A33B3312091D03F0059A34E /* Localizable.strings */,
			);
			path = Resources;
			sourceTree = "<group>";
		};
		3A69EC4520907857002D00E8 /* Sources */ = {
			isa = PBXGroup;
			children = (
				3A25CEC120936FDC009C0C15 /* App */,
				3A69EC4720907857002D00E8 /* Data */,
				3AD2F5142091D5B900E96A4A /* Domain */,
				3A33B3272090C8050059A34E /* Presentation */,
				3A33B32A2091D0120059A34E /* Utils */,
			);
			path = Sources;
			sourceTree = "<group>";
		};
		3A69EC4720907857002D00E8 /* Data */ = {
			isa = PBXGroup;
			children = (
				3A69EC4E20907886002D00E8 /* Book.swift */,
				3A9F3BF9209363D800E38A59 /* BooksMapper.swift */,
				3A33B3252090AC1D0059A34E /* BooksService.swift */,
				3A33B3232090AC080059A34E /* SearchService.swift */,
			);
			path = Data;
			sourceTree = "<group>";
		};
		3AD2F5142091D5B900E96A4A /* Domain */ = {
			isa = PBXGroup;
			children = (
				3A33708B209390F4006B6166 /* BookViewModel.swift */,
				3A3370912097055F006B6166 /* ListViewModel.swift */,
				3AD2F5152091D5CB00E96A4A /* SearchViewModel.swift */,
			);
			path = Domain;
			sourceTree = "<group>";
		};
/* End PBXGroup section */

/* Begin PBXNativeTarget section */
		3A127E9F208F7B2D00561B57 /* Bookshelf */ = {
			isa = PBXNativeTarget;
			buildConfigurationList = 3A127EB4208F7B2F00561B57 /* Build configuration list for PBXNativeTarget "Bookshelf" */;
			buildPhases = (
				3A127E9C208F7B2D00561B57 /* Sources */,
				3A127E9D208F7B2D00561B57 /* Frameworks */,
				3A127E9E208F7B2D00561B57 /* Resources */,
				3A69EC3B208F855F002D00E8 /* Copy Carthage frameworks */,
			);
			buildRules = (
			);
			dependencies = (
			);
			name = Bookshelf;
			productName = Bookshelf;
			productReference = 3A127EA0208F7B2D00561B57 /* Bookshelf.app */;
			productType = "com.apple.product-type.application";
		};
/* End PBXNativeTarget section */

/* Begin PBXProject section */
		3A127E98208F7B2D00561B57 /* Project object */ = {
			isa = PBXProject;
			attributes = {
				LastSwiftUpdateCheck = 0930;
				LastUpgradeCheck = 0930;
				ORGANIZATIONNAME = "Mario Negro";
				TargetAttributes = {
					3A127E9F208F7B2D00561B57 = {
						CreatedOnToolsVersion = 9.3;
					};
				};
			};
			buildConfigurationList = 3A127E9B208F7B2D00561B57 /* Build configuration list for PBXProject "Bookshelf" */;
			compatibilityVersion = "Xcode 9.3";
			developmentRegion = en;
			hasScannedForEncodings = 0;
			knownRegions = (
				en,
				Base,
				es,
			);
			mainGroup = 3A127E97208F7B2D00561B57;
			productRefGroup = 3A127EA1208F7B2D00561B57 /* Products */;
			projectDirPath = "";
			projectRoot = "";
			targets = (
				3A127E9F208F7B2D00561B57 /* Bookshelf */,
			);
		};
/* End PBXProject section */

/* Begin PBXResourcesBuildPhase section */
		3A127E9E208F7B2D00561B57 /* Resources */ = {
			isa = PBXResourcesBuildPhase;
			buildActionMask = 2147483647;
			files = (
				3A69EC4920907858002D00E8 /* Assets.xcassets in Resources */,
				3A25CEC720936FDC009C0C15 /* Configuration.plist in Resources */,
				3A3370A220970DBE006B6166 /* BookInListView.xib in Resources */,
				3A33B32F2091D03F0059A34E /* Localizable.strings in Resources */,
				3A3370B420979D25006B6166 /* EmptyStateView.xib in Resources */,
				3A69EC4B20907858002D00E8 /* Main.storyboard in Resources */,
				3A69EC4A20907858002D00E8 /* LaunchScreen.storyboard in Resources */,
			);
			runOnlyForDeploymentPostprocessing = 0;
		};
/* End PBXResourcesBuildPhase section */

/* Begin PBXShellScriptBuildPhase section */
		3A69EC3B208F855F002D00E8 /* Copy Carthage frameworks */ = {
			isa = PBXShellScriptBuildPhase;
			buildActionMask = 2147483647;
			files = (
			);
			inputPaths = (
				"$(SRCROOT)/Carthage/Build/iOS/RxSwift.framework",
				"$(SRCROOT)/Carthage/Build/iOS/RxCocoa.framework",
			);
			name = "Copy Carthage frameworks";
			outputPaths = (
				"$(BUILT_PRODUCTS_DIR)/$(FRAMEWORKS_FOLDER_PATH)/RxSwift.framework",
				"$(BUILT_PRODUCTS_DIR)/$(FRAMEWORKS_FOLDER_PATH)/RxCocoa.framework",
			);
			runOnlyForDeploymentPostprocessing = 0;
			shellPath = /bin/sh;
			shellScript = "/usr/local/bin/carthage copy-frameworks";
		};
/* End PBXShellScriptBuildPhase section */

/* Begin PBXSourcesBuildPhase section */
		3A127E9C208F7B2D00561B57 /* Sources */ = {
			isa = PBXSourcesBuildPhase;
			buildActionMask = 2147483647;
			files = (
				3A33B3262090AC1D0059A34E /* BooksService.swift in Sources */,
				3A33709020939DD9006B6166 /* L10n.swift in Sources */,
				3AD2F5162091D5CB00E96A4A /* SearchViewModel.swift in Sources */,
				3A33708E209398F4006B6166 /* URL+Rx.swift in Sources */,
				3A33709E20970BC1006B6166 /* BookViewController.swift in Sources */,
				3A9F3BFA209363D800E38A59 /* BooksMapper.swift in Sources */,
				3A33709B20970BC1006B6166 /* SearchResultTableViewCell.swift in Sources */,
				3A3370A020970C1A006B6166 /* BookInListView.swift in Sources */,
				3A3370B220979BDD006B6166 /* UIView+Utils.swift in Sources */,
				3A25CEC620936FDC009C0C15 /* ServiceLocator.swift in Sources */,
				3A33708C209390F4006B6166 /* BookViewModel.swift in Sources */,
				3A3370A8209736BE006B6166 /* R.swift in Sources */,
				3A3370AC20973E71006B6166 /* UITableViewCell+Utils.swift in Sources */,
				3A3370B020979A73006B6166 /* EmptyStateView.swift in Sources */,
				3A3370A6209734D1006B6166 /* BookTableViewCell.swift in Sources */,
				3A33B3242090AC080059A34E /* SearchService.swift in Sources */,
				3A33B32C2091D0120059A34E /* Localizable.swift in Sources */,
				3A69EC4F20907886002D00E8 /* Book.swift in Sources */,
				3A33708A20938BAA006B6166 /* AppAppearance.swift in Sources */,
				3A25CEC920936FDC009C0C15 /* Configuration.swift in Sources */,
				3A3370B620986113006B6166 /* UIViewController+Utils.swift in Sources */,
				3A3370AE20973EC1006B6166 /* URLSession+Rx.swift in Sources */,
				3A33709D20970BC1006B6166 /* ListViewController.swift in Sources */,
				3A9F3BF22092659D00E38A59 /* AppFlowController.swift in Sources */,
				3A3370922097055F006B6166 /* ListViewModel.swift in Sources */,
				3A25CEC820936FDC009C0C15 /* AppDelegate.swift in Sources */,
				3A33709C20970BC1006B6166 /* SearchResultsViewController.swift in Sources */,
			);
			runOnlyForDeploymentPostprocessing = 0;
		};
/* End PBXSourcesBuildPhase section */

/* Begin PBXVariantGroup section */
		3A33B3312091D03F0059A34E /* Localizable.strings */ = {
			isa = PBXVariantGroup;
			children = (
				3A33B3302091D03F0059A34E /* en */,
				3A33B3322091D05B0059A34E /* es */,
			);
			name = Localizable.strings;
			sourceTree = "<group>";
		};
		3A69EC4120907857002D00E8 /* LaunchScreen.storyboard */ = {
			isa = PBXVariantGroup;
			children = (
				3A69EC4220907857002D00E8 /* Base */,
			);
			name = LaunchScreen.storyboard;
			sourceTree = "<group>";
		};
		3A69EC4320907857002D00E8 /* Main.storyboard */ = {
			isa = PBXVariantGroup;
			children = (
				3A69EC4420907857002D00E8 /* Base */,
			);
			name = Main.storyboard;
			sourceTree = "<group>";
		};
/* End PBXVariantGroup section */

/* Begin XCBuildConfiguration section */
		3A127EB2208F7B2F00561B57 /* Debug */ = {
			isa = XCBuildConfiguration;
			buildSettings = {
				ALWAYS_SEARCH_USER_PATHS = NO;
				CLANG_ANALYZER_LOCALIZABILITY_NONLOCALIZED = YES;
				CLANG_ANALYZER_NONNULL = YES;
				CLANG_ANALYZER_NUMBER_OBJECT_CONVERSION = YES_AGGRESSIVE;
				CLANG_CXX_LANGUAGE_STANDARD = "gnu++14";
				CLANG_CXX_LIBRARY = "libc++";
				CLANG_ENABLE_MODULES = YES;
				CLANG_ENABLE_OBJC_ARC = YES;
				CLANG_ENABLE_OBJC_WEAK = YES;
				CLANG_WARN_BLOCK_CAPTURE_AUTORELEASING = YES;
				CLANG_WARN_BOOL_CONVERSION = YES;
				CLANG_WARN_COMMA = YES;
				CLANG_WARN_CONSTANT_CONVERSION = YES;
				CLANG_WARN_DEPRECATED_OBJC_IMPLEMENTATIONS = YES;
				CLANG_WARN_DIRECT_OBJC_ISA_USAGE = YES_ERROR;
				CLANG_WARN_DOCUMENTATION_COMMENTS = YES;
				CLANG_WARN_EMPTY_BODY = YES;
				CLANG_WARN_ENUM_CONVERSION = YES;
				CLANG_WARN_INFINITE_RECURSION = YES;
				CLANG_WARN_INT_CONVERSION = YES;
				CLANG_WARN_NON_LITERAL_NULL_CONVERSION = YES;
				CLANG_WARN_OBJC_IMPLICIT_RETAIN_SELF = YES;
				CLANG_WARN_OBJC_LITERAL_CONVERSION = YES;
				CLANG_WARN_OBJC_ROOT_CLASS = YES_ERROR;
				CLANG_WARN_RANGE_LOOP_ANALYSIS = YES;
				CLANG_WARN_STRICT_PROTOTYPES = YES;
				CLANG_WARN_SUSPICIOUS_MOVE = YES;
				CLANG_WARN_UNGUARDED_AVAILABILITY = YES_AGGRESSIVE;
				CLANG_WARN_UNREACHABLE_CODE = YES;
				CLANG_WARN__DUPLICATE_METHOD_MATCH = YES;
				CODE_SIGN_IDENTITY = "iPhone Developer";
				COPY_PHASE_STRIP = NO;
				DEBUG_INFORMATION_FORMAT = dwarf;
				ENABLE_STRICT_OBJC_MSGSEND = YES;
				ENABLE_TESTABILITY = YES;
				GCC_C_LANGUAGE_STANDARD = gnu11;
				GCC_DYNAMIC_NO_PIC = NO;
				GCC_NO_COMMON_BLOCKS = YES;
				GCC_OPTIMIZATION_LEVEL = 0;
				GCC_PREPROCESSOR_DEFINITIONS = (
					"DEBUG=1",
					"$(inherited)",
				);
				GCC_WARN_64_TO_32_BIT_CONVERSION = YES;
				GCC_WARN_ABOUT_RETURN_TYPE = YES_ERROR;
				GCC_WARN_UNDECLARED_SELECTOR = YES;
				GCC_WARN_UNINITIALIZED_AUTOS = YES_AGGRESSIVE;
				GCC_WARN_UNUSED_FUNCTION = YES;
				GCC_WARN_UNUSED_VARIABLE = YES;
				IPHONEOS_DEPLOYMENT_TARGET = 11.0;
				MTL_ENABLE_DEBUG_INFO = YES;
				ONLY_ACTIVE_ARCH = YES;
				SDKROOT = iphoneos;
				SWIFT_ACTIVE_COMPILATION_CONDITIONS = DEBUG;
				SWIFT_OPTIMIZATION_LEVEL = "-Onone";
			};
			name = Debug;
		};
		3A127EB3208F7B2F00561B57 /* Release */ = {
			isa = XCBuildConfiguration;
			buildSettings = {
				ALWAYS_SEARCH_USER_PATHS = NO;
				CLANG_ANALYZER_LOCALIZABILITY_NONLOCALIZED = YES;
				CLANG_ANALYZER_NONNULL = YES;
				CLANG_ANALYZER_NUMBER_OBJECT_CONVERSION = YES_AGGRESSIVE;
				CLANG_CXX_LANGUAGE_STANDARD = "gnu++14";
				CLANG_CXX_LIBRARY = "libc++";
				CLANG_ENABLE_MODULES = YES;
				CLANG_ENABLE_OBJC_ARC = YES;
				CLANG_ENABLE_OBJC_WEAK = YES;
				CLANG_WARN_BLOCK_CAPTURE_AUTORELEASING = YES;
				CLANG_WARN_BOOL_CONVERSION = YES;
				CLANG_WARN_COMMA = YES;
				CLANG_WARN_CONSTANT_CONVERSION = YES;
				CLANG_WARN_DEPRECATED_OBJC_IMPLEMENTATIONS = YES;
				CLANG_WARN_DIRECT_OBJC_ISA_USAGE = YES_ERROR;
				CLANG_WARN_DOCUMENTATION_COMMENTS = YES;
				CLANG_WARN_EMPTY_BODY = YES;
				CLANG_WARN_ENUM_CONVERSION = YES;
				CLANG_WARN_INFINITE_RECURSION = YES;
				CLANG_WARN_INT_CONVERSION = YES;
				CLANG_WARN_NON_LITERAL_NULL_CONVERSION = YES;
				CLANG_WARN_OBJC_IMPLICIT_RETAIN_SELF = YES;
				CLANG_WARN_OBJC_LITERAL_CONVERSION = YES;
				CLANG_WARN_OBJC_ROOT_CLASS = YES_ERROR;
				CLANG_WARN_RANGE_LOOP_ANALYSIS = YES;
				CLANG_WARN_STRICT_PROTOTYPES = YES;
				CLANG_WARN_SUSPICIOUS_MOVE = YES;
				CLANG_WARN_UNGUARDED_AVAILABILITY = YES_AGGRESSIVE;
				CLANG_WARN_UNREACHABLE_CODE = YES;
				CLANG_WARN__DUPLICATE_METHOD_MATCH = YES;
				CODE_SIGN_IDENTITY = "iPhone Developer";
				COPY_PHASE_STRIP = NO;
				DEBUG_INFORMATION_FORMAT = "dwarf-with-dsym";
				ENABLE_NS_ASSERTIONS = NO;
				ENABLE_STRICT_OBJC_MSGSEND = YES;
				GCC_C_LANGUAGE_STANDARD = gnu11;
				GCC_NO_COMMON_BLOCKS = YES;
				GCC_WARN_64_TO_32_BIT_CONVERSION = YES;
				GCC_WARN_ABOUT_RETURN_TYPE = YES_ERROR;
				GCC_WARN_UNDECLARED_SELECTOR = YES;
				GCC_WARN_UNINITIALIZED_AUTOS = YES_AGGRESSIVE;
				GCC_WARN_UNUSED_FUNCTION = YES;
				GCC_WARN_UNUSED_VARIABLE = YES;
				IPHONEOS_DEPLOYMENT_TARGET = 11.0;
				MTL_ENABLE_DEBUG_INFO = NO;
				SDKROOT = iphoneos;
				SWIFT_COMPILATION_MODE = wholemodule;
				SWIFT_OPTIMIZATION_LEVEL = "-O";
				VALIDATE_PRODUCT = YES;
			};
			name = Release;
		};
		3A127EB5208F7B2F00561B57 /* Debug */ = {
			isa = XCBuildConfiguration;
			buildSettings = {
				ASSETCATALOG_COMPILER_APPICON_NAME = AppIcon;
				CODE_SIGN_STYLE = Automatic;
				DEVELOPMENT_TEAM = 55X7Q8V35C;
				FRAMEWORK_SEARCH_PATHS = (
					"$(inherited)",
					"$(PROJECT_DIR)/Carthage/Build/iOS",
				);
				INFOPLIST_FILE = Bookshelf/Info.plist;
				LD_RUNPATH_SEARCH_PATHS = (
					"$(inherited)",
					"@executable_path/Frameworks",
				);
				OTHER_SWIFT_FLAGS = "";
				PRODUCT_BUNDLE_IDENTIFIER = com.marionegro.Bookshelf;
				PRODUCT_NAME = "$(TARGET_NAME)";
				SWIFT_VERSION = 4.0;
				TARGETED_DEVICE_FAMILY = 1;
			};
			name = Debug;
		};
		3A127EB6208F7B2F00561B57 /* Release */ = {
			isa = XCBuildConfiguration;
			buildSettings = {
				ASSETCATALOG_COMPILER_APPICON_NAME = AppIcon;
				CODE_SIGN_STYLE = Automatic;
				DEVELOPMENT_TEAM = 55X7Q8V35C;
				FRAMEWORK_SEARCH_PATHS = (
					"$(inherited)",
					"$(PROJECT_DIR)/Carthage/Build/iOS",
				);
				INFOPLIST_FILE = Bookshelf/Info.plist;
				LD_RUNPATH_SEARCH_PATHS = (
					"$(inherited)",
					"@executable_path/Frameworks",
				);
				PRODUCT_BUNDLE_IDENTIFIER = com.marionegro.Bookshelf;
				PRODUCT_NAME = "$(TARGET_NAME)";
				SWIFT_VERSION = 4.0;
				TARGETED_DEVICE_FAMILY = 1;
			};
			name = Release;
		};
/* End XCBuildConfiguration section */

/* Begin XCConfigurationList section */
		3A127E9B208F7B2D00561B57 /* Build configuration list for PBXProject "Bookshelf" */ = {
			isa = XCConfigurationList;
			buildConfigurations = (
				3A127EB2208F7B2F00561B57 /* Debug */,
				3A127EB3208F7B2F00561B57 /* Release */,
			);
			defaultConfigurationIsVisible = 0;
			defaultConfigurationName = Release;
		};
		3A127EB4208F7B2F00561B57 /* Build configuration list for PBXNativeTarget "Bookshelf" */ = {
			isa = XCConfigurationList;
			buildConfigurations = (
				3A127EB5208F7B2F00561B57 /* Debug */,
				3A127EB6208F7B2F00561B57 /* Release */,
			);
			defaultConfigurationIsVisible = 0;
			defaultConfigurationName = Release;
		};
/* End XCConfigurationList section */
	};
	rootObject = 3A127E98208F7B2D00561B57 /* Project object */;
}
